
Microsoft Visual Studio Solution File, Format Version 12.00
# Visual Studio 2012
Project("{FAE04EC0-301F-11D3-BF4B-00C04F79EFBC}") = "Gummi", "Gummi\Gummi.csproj", "{367F832E-2C60-4A93-9277-53001C08EDCE}"
EndProject
Global
	GlobalSection(SolutionConfigurationPlatforms) = preSolution
		Debug|Any CPU = Debug|Any CPU
		Release|Any CPU = Release|Any CPU
	EndGlobalSection
	GlobalSection(ProjectConfigurationPlatforms) = postSolution
		{367F832E-2C60-4A93-9277-53001C08EDCE}.Debug|Any CPU.ActiveCfg = Debug|Any CPU
		{367F832E-2C60-4A93-9277-53001C08EDCE}.Debug|Any CPU.Build.0 = Debug|Any CPU
		{367F832E-2C60-4A93-9277-53001C08EDCE}.Release|Any CPU.ActiveCfg = Release|Any CPU
		{367F832E-2C60-4A93-9277-53001C08EDCE}.Release|Any CPU.Build.0 = Release|Any CPU
	EndGlobalSection
EndGlobal
